
Microsoft Visual Studio Solution File, Format Version 12.00
Project("{FAE04EC0-301F-11D3-BF4B-00C04F79EFBC}") = "homework", "homework\homework.csproj", "{03666BAC-4B3C-4F23-B561-C189EC420B5B}"
EndProject
Global
	GlobalSection(SolutionConfigurationPlatforms) = preSolution
		Debug|Any CPU = Debug|Any CPU
		Release|Any CPU = Release|Any CPU
	EndGlobalSection
	GlobalSection(ProjectConfigurationPlatforms) = postSolution
		{03666BAC-4B3C-4F23-B561-C189EC420B5B}.Debug|Any CPU.ActiveCfg = Debug|Any CPU
		{03666BAC-4B3C-4F23-B561-C189EC420B5B}.Debug|Any CPU.Build.0 = Debug|Any CPU
		{03666BAC-4B3C-4F23-B561-C189EC420B5B}.Release|Any CPU.ActiveCfg = Release|Any CPU
		{03666BAC-4B3C-4F23-B561-C189EC420B5B}.Release|Any CPU.Build.0 = Release|Any CPU
	EndGlobalSection
EndGlobal
